
Microsoft Visual Studio Solution File, Format Version 12.00
# Visual Studio Version 16
VisualStudioVersion = 16.0.31105.61
MinimumVisualStudioVersion = 10.0.40219.1
Project("{9A19103F-16F7-4668-BE54-9A1E7A4F7556}") = "PolskaWork", "PolskaWork\PolskaWork.csproj", "{64339646-E26D-460F-902A-47F368761206}"
EndProject
Project("{FAE04EC0-301F-11D3-BF4B-00C04F79EFBC}") = "PolskaTest1", "PolskaTest1\PolskaTest1.csproj", "{B51EB99F-E277-4DBA-9319-57783B1D6089}"
EndProject
Project("{9A19103F-16F7-4668-BE54-9A1E7A4F7556}") = "Polska", "..\Polska\Polska\Polska.csproj", "{5C316208-25DE-4E01-8368-FAE00F4140B9}"
EndProject
Global
	GlobalSection(SolutionConfigurationPlatforms) = preSolution
		Debug|Any CPU = Debug|Any CPU
		Release|Any CPU = Release|Any CPU
	EndGlobalSection
	GlobalSection(ProjectConfigurationPlatforms) = postSolution
		{64339646-E26D-460F-902A-47F368761206}.Debug|Any CPU.ActiveCfg = Debug|Any CPU
		{64339646-E26D-460F-902A-47F368761206}.Debug|Any CPU.Build.0 = Debug|Any CPU
		{64339646-E26D-460F-902A-47F368761206}.Release|Any CPU.ActiveCfg = Release|Any CPU
		{64339646-E26D-460F-902A-47F368761206}.Release|Any CPU.Build.0 = Release|Any CPU
		{B51EB99F-E277-4DBA-9319-57783B1D6089}.Debug|Any CPU.ActiveCfg = Debug|Any CPU
		{B51EB99F-E277-4DBA-9319-57783B1D6089}.Debug|Any CPU.Build.0 = Debug|Any CPU
		{B51EB99F-E277-4DBA-9319-57783B1D6089}.Release|Any CPU.ActiveCfg = Release|Any CPU
		{B51EB99F-E277-4DBA-9319-57783B1D6089}.Release|Any CPU.Build.0 = Release|Any CPU
		{5C316208-25DE-4E01-8368-FAE00F4140B9}.Debug|Any CPU.ActiveCfg = Debug|Any CPU
		{5C316208-25DE-4E01-8368-FAE00F4140B9}.Debug|Any CPU.Build.0 = Debug|Any CPU
		{5C316208-25DE-4E01-8368-FAE00F4140B9}.Release|Any CPU.ActiveCfg = Release|Any CPU
		{5C316208-25DE-4E01-8368-FAE00F4140B9}.Release|Any CPU.Build.0 = Release|Any CPU
	EndGlobalSection
	GlobalSection(SolutionProperties) = preSolution
		HideSolutionNode = FALSE
	EndGlobalSection
	GlobalSection(ExtensibilityGlobals) = postSolution
		SolutionGuid = {0017B9E2-287A-4828-881C-477F9B683C0F}
	EndGlobalSection
EndGlobal
